{
  "name": "readme-generator",
  "version": "1.0.0",
  "lockfileVersion": 1,
  "requires": true,
  "dependencies": {
    "mute-stream": {
      "version": "0.0.8",
      "resolved": "https://registry.npmjs.org/mute-stream/-/mute-stream-0.0.8.tgz",
      "integrity": "sha512-nnbWWOkoWyUsTjKrhgD0dcz22mdkSnpYqbEjIm2nhwhuxlSkpywJmBo8h0ZqJdkp73mb90SssHkN4rsRaBAfAA=="
    },
    "read": {
      "version": "1.0.7",
      "resolved": "https://registry.npmjs.org/read/-/read-1.0.7.tgz",
      "integrity": "sha1-s9oZvQUkMal2cdRKQmNK33ELQMQ=",
      "requires": {
        "mute-stream": "~0.0.4"
      }
    },
    "repo": {
      "version": "0.0.15",
      "resolved": "https://registry.npmjs.org/repo/-/repo-0.0.15.tgz",
      "integrity": "sha512-9E68HQ/Qxyo9totlZrzg0AryKSw/aDGsNw0TbRk8gCnfh9Luc1y+1ws06tNMzrrA3LDlysfqP55gvj1H49a58Q=="
    }
  }
}
